
Microsoft Visual Studio Solution File, Format Version 12.00
# Visual Studio Version 16
VisualStudioVersion = 16.0.30204.135
MinimumVisualStudioVersion = 10.0.40219.1
Project("{FAE04EC0-301F-11D3-BF4B-00C04F79EFBC}") = "ComplexPlotter", "ComplexPlotter\ComplexPlotter.csproj", "{197E25F3-A35F-44BC-AF80-51CFDC6A53A1}"
EndProject
Global
	GlobalSection(SolutionConfigurationPlatforms) = preSolution
		Debug|Any CPU = Debug|Any CPU
		Release|Any CPU = Release|Any CPU
	EndGlobalSection
	GlobalSection(ProjectConfigurationPlatforms) = postSolution
		{197E25F3-A35F-44BC-AF80-51CFDC6A53A1}.Debug|Any CPU.ActiveCfg = Debug|Any CPU
		{197E25F3-A35F-44BC-AF80-51CFDC6A53A1}.Debug|Any CPU.Build.0 = Debug|Any CPU
		{197E25F3-A35F-44BC-AF80-51CFDC6A53A1}.Release|Any CPU.ActiveCfg = Release|Any CPU
		{197E25F3-A35F-44BC-AF80-51CFDC6A53A1}.Release|Any CPU.Build.0 = Release|Any CPU
	EndGlobalSection
	GlobalSection(SolutionProperties) = preSolution
		HideSolutionNode = FALSE
	EndGlobalSection
	GlobalSection(ExtensibilityGlobals) = postSolution
		SolutionGuid = {A75808F8-F897-439D-99CF-6352A6721A46}
	EndGlobalSection
EndGlobal
